PODS:
  - Alamofire (5.2.1)
  - Nuke (9.1.1)
  - R.swift (5.2.2):
    - R.swift.Library (~> 5.2.0)
  - R.swift.Library (5.2.0)
  - ReSwift (5.0.0)
  - ReSwiftThunk (1.2.0):
    - ReSwift (~> 5.0)
    - ReSwiftThunk/Core (= 1.2.0)
  - ReSwiftThunk/Core (1.2.0):
    - ReSwift (~> 5.0)
  - SnapKit (5.0.1)
  - Sniffer (2.1.0)

DEPENDENCIES:
  - Alamofire (~> 5.2)
  - Nuke
  - R.swift
  - ReSwift (~> 5.0)
  - ReSwiftThunk
  - SnapKit
  - Sniffer (~> 2.1)

SPEC REPOS:
  trunk:
    - Alamofire
    - Nuke
    - R.swift
    - R.swift.Library
    - ReSwift
    - ReSwiftThunk
    - SnapKit
    - Sniffer

SPEC CHECKSUMS:
  Alamofire: e911732990610fe89af59ac0077f923d72dc3dfd
  Nuke: af4301b154d3afd8a3b045a5194a9a773a00b7a8
  R.swift: 7c52cdc57a66840ffe6cbd8a823d732059d42a32
  R.swift.Library: 5ba4f1631300caf9a4d890186930da85d540769d
  ReSwift: 628f1a9b3ee52e3b3ca2a644435472fd77afafe1
  ReSwiftThunk: 23c8ea9092d9dc94b72005f19352dbd37fa42533
  SnapKit: 97b92857e3df3a0c71833cce143274bf6ef8e5eb
  Sniffer: 97c4c3770f4f415ffbc5fca6e13f5c119d2993a5

PODFILE CHECKSUM: fc359c2ba037f10c3a5138ae317d62600d0f3ddd

COCOAPODS: 1.9.3
